
Microsoft Visual Studio Solution File, Format Version 12.00
# Visual Studio Version 17
VisualStudioVersion = 17.3.32825.248
MinimumVisualStudioVersion = 10.0.40219.1
Project("{FAE04EC0-301F-11D3-BF4B-00C04F79EFBC}") = "BoardEx.Web", "BoardEx.Web\BoardEx.Web.csproj", "{4A8FEC3A-CE83-45E7-B319-276701B9E138}"
EndProject
Global
	GlobalSection(SolutionConfigurationPlatforms) = preSolution
		Debug|Any CPU = Debug|Any CPU
		Release|Any CPU = Release|Any CPU
	EndGlobalSection
	GlobalSection(ProjectConfigurationPlatforms) = postSolution
		{4A8FEC3A-CE83-45E7-B319-276701B9E138}.Debug|Any CPU.ActiveCfg = Debug|Any CPU
		{4A8FEC3A-CE83-45E7-B319-276701B9E138}.Debug|Any CPU.Build.0 = Debug|Any CPU
		{4A8FEC3A-CE83-45E7-B319-276701B9E138}.Release|Any CPU.ActiveCfg = Release|Any CPU
		{4A8FEC3A-CE83-45E7-B319-276701B9E138}.Release|Any CPU.Build.0 = Release|Any CPU
	EndGlobalSection
	GlobalSection(SolutionProperties) = preSolution
		HideSolutionNode = FALSE
	EndGlobalSection
	GlobalSection(ExtensibilityGlobals) = postSolution
		SolutionGuid = {98752373-590D-4ABA-93C0-8FD12E7DFA75}
	EndGlobalSection
EndGlobal
